PODS:
  - APIKit (3.1.1):
    - Result (~> 3.0)
  - Crashlytics (3.8.5):
    - Fabric (~> 1.6.3)
  - DZNEmptyDataSet (1.8.1)
  - Fabric (1.6.12)
  - FontAwesome.swift (1.2.0)
  - IQKeyboardManagerSwift (4.0.10)
  - KeychainAccess (3.0.2)
  - Keys (1.0.0)
  - Kingfisher (3.10.3)
  - MGSwipeTableCell (1.5.6)
  - NSDate+TimeAgo (1.0.6)
  - OAuthSwift (1.1.2)
  - ObjcExceptionBridging (1.0.1):
    - ObjcExceptionBridging/ObjcExceptionBridging (= 1.0.1)
  - ObjcExceptionBridging/ObjcExceptionBridging (1.0.1)
  - ObjectMapper (2.2.8)
  - PullToRefreshSwift (3.0.3)
  - R.swift (3.3.0):
    - R.swift.Library (~> 3.0.2)
  - R.swift.Library (3.0.2)
  - Result (3.2.3)
  - SCLAlertView (0.7.0)
  - SDCAlertView (7.1.2)
  - SVProgressHUD (2.1.2)
  - SwiftDate (4.1.7)
  - SwiftyUserDefaults (3.0.0)
  - Toaster (2.0.4)
  - VTAcknowledgementsViewController (1.2.1)
  - XCGLogger (5.0.1):
    - XCGLogger/Core (= 5.0.1)
  - XCGLogger/Core (5.0.1):
    - ObjcExceptionBridging
  - XLActionController/Core (3.0.1)
  - XLActionController/Twitter (3.0.1):
    - XLActionController/Core

DEPENDENCIES:
  - APIKit
  - Crashlytics
  - DZNEmptyDataSet
  - Fabric
  - FontAwesome.swift (from `https://github.com/thii/FontAwesome.swift.git`)
  - IQKeyboardManagerSwift
  - KeychainAccess
  - Keys (from `Pods/CocoaPodsKeys`)
  - Kingfisher
  - MGSwipeTableCell
  - NSDate+TimeAgo
  - OAuthSwift
  - ObjectMapper
  - PullToRefreshSwift
  - R.swift
  - SCLAlertView
  - SDCAlertView
  - SVProgressHUD
  - SwiftDate
  - SwiftyUserDefaults
  - Toaster
  - VTAcknowledgementsViewController
  - XCGLogger
  - XLActionController/Twitter

EXTERNAL SOURCES:
  FontAwesome.swift:
    :git: https://github.com/thii/FontAwesome.swift.git
  Keys:
    :path: Pods/CocoaPodsKeys

CHECKOUT OPTIONS:
  FontAwesome.swift:
    :commit: d4bd83d8de195c502af886aad78e47188a6c5b2e
    :git: https://github.com/thii/FontAwesome.swift.git

SPEC CHECKSUMS:
  APIKit: 7460983f490d3bde6aaaaa4164d18c9865a6f91d
  Crashlytics: dfbae35ef22ca189240d230ad501feea4ee85d2d
  DZNEmptyDataSet: 9525833b9e68ac21c30253e1d3d7076cc828eaa7
  Fabric: f050464eac45a2ce5a8e6e6a07e977c0df32fe28
  FontAwesome.swift: 609815397a9b51cb4d774969787163c7d1306739
  IQKeyboardManagerSwift: 75ba21a23794a1e6b6fe6d9a267ea17f80e06771
  KeychainAccess: a986406022dfc7c634c691ad3bec670cc6a32002
  Keys: 9c35bf00f612ee1d48556f4a4b9b4551e224e90f
  Kingfisher: a0ac82dc5bcf0388dd74b294cf2cc13730c63436
  MGSwipeTableCell: 616700eb0ffd1c611ba909066cb7fd739790a0a7
  NSDate+TimeAgo: 35601c619b2d59290055e4fe76e61d97677a2360
  OAuthSwift: 5aa5659984d3ca3206ba636a9e7a9c6626b2e8bd
  ObjcExceptionBridging: c30e00eb3700467e695faeea30e26e18bd445001
  ObjectMapper: 3d571bb5af471c779e1160828cd9ad5c4ef90958
  PullToRefreshSwift: 0743b818072bfd7c9464addc2d1b987b131057ca
  R.swift: bde9704d50ff36820f49e266bc88ef545e1e9b36
  R.swift.Library: fbdec16c9802ad104fc1ba53415dc190e6ec5c73
  Result: 128640a6347e8d2ae48b142556739a2d13f90ce6
  SCLAlertView: 8a14ffc40590c619e183eed2298b854385f30be1
  SDCAlertView: c39fa91a3aeb5eeba58fe9cea648263b131ff2bf
  SVProgressHUD: c404a55d78acbeb7ebb78b76d3faf986475a6994
  SwiftDate: 029be76691ee89176da3a46c7df3415b6734bc5b
  SwiftyUserDefaults: 0f1d45fc3aafb9064dac661e367f8f83fe21a4b4
  Toaster: f13031c636ef065281bc11857be9a16c7659e04f
  VTAcknowledgementsViewController: e1de80f2c0ce31cc7e1c6f1c8aaeec2770371f09
  XCGLogger: 0b43697155d41e4a1b15fc776f319c2141646b09
  XLActionController: 57fe0ce1642e2eed971b188b490762345fdbf963

PODFILE CHECKSUM: d290b3e52642b82167d388ce84101211e2e2fb80

COCOAPODS: 1.2.0.beta.1
